
Microsoft Visual Studio Solution File, Format Version 12.00
# Visual Studio Version 17
VisualStudioVersion = 17.7.34221.43
MinimumVisualStudioVersion = 10.0.40219.1
Project("{FAE04EC0-301F-11D3-BF4B-00C04F79EFBC}") = "Countdown", "Countdown\Countdown.csproj", "{523840FC-E2D2-4311-8906-1E2286D5295F}"
EndProject
Global
	GlobalSection(SolutionConfigurationPlatforms) = preSolution
		Debug|Any CPU = Debug|Any CPU
		Release|Any CPU = Release|Any CPU
	EndGlobalSection
	GlobalSection(ProjectConfigurationPlatforms) = postSolution
		{523840FC-E2D2-4311-8906-1E2286D5295F}.Debug|Any CPU.ActiveCfg = Debug|Any CPU
		{523840FC-E2D2-4311-8906-1E2286D5295F}.Debug|Any CPU.Build.0 = Debug|Any CPU
		{523840FC-E2D2-4311-8906-1E2286D5295F}.Release|Any CPU.ActiveCfg = Release|Any CPU
		{523840FC-E2D2-4311-8906-1E2286D5295F}.Release|Any CPU.Build.0 = Release|Any CPU
	EndGlobalSection
	GlobalSection(SolutionProperties) = preSolution
		HideSolutionNode = FALSE
	EndGlobalSection
	GlobalSection(ExtensibilityGlobals) = postSolution
		SolutionGuid = {54AD4E99-4F14-48DC-A2AF-E1343489E225}
	EndGlobalSection
EndGlobal
